# THIS IS AN AUTOGENERATED FILE. DO NOT EDIT THIS FILE DIRECTLY.
# yarn lockfile v1


"@babel/code-frame@^7.22.13":
  version "7.22.13"
  resolved "https://registry.yarnpkg.com/@babel/code-frame/-/code-frame-7.22.13.tgz#e3c1c099402598483b7a8c46a721d1038803755e"
  integrity sha512-XktuhWlJ5g+3TJXc5upd9Ks1HutSArik6jf2eAjYFyIOf4ej3RN+184cZbzDvbPnuTJIUhPKKJE3cIsYTiAT3w==
  dependencies:
    "@babel/highlight" "^7.22.13"
    chalk "^2.4.2"

"@babel/helper-annotate-as-pure@^7.22.5":
  version "7.22.5"
  resolved "https://registry.yarnpkg.com/@babel/helper-annotate-as-pure/-/helper-annotate-as-pure-7.22.5.tgz#e7f06737b197d580a01edf75d97e2c8be99d3882"
  integrity sha512-LvBTxu8bQSQkcyKOU+a1btnNFQ1dMAd0R6PyW3arXes06F6QLWLIrd681bxRPIXlrMGR3XYnW9JyML7dP3qgxg==
  dependencies:
    "@babel/types" "^7.22.5"

"@babel/helper-create-class-features-plugin@^7.22.15":
  version "7.22.15"
  resolved "https://registry.yarnpkg.com/@babel/helper-create-class-features-plugin/-/helper-create-class-features-plugin-7.22.15.tgz#97a61b385e57fe458496fad19f8e63b63c867de4"
  integrity sha512-jKkwA59IXcvSaiK2UN45kKwSC9o+KuoXsBDvHvU/7BecYIp8GQ2UwrVvFgJASUT+hBnwJx6MhvMCuMzwZZ7jlg==
  dependencies:
    "@babel/helper-annotate-as-pure" "^7.22.5"
    "@babel/helper-environment-visitor" "^7.22.5"
    "@babel/helper-function-name" "^7.22.5"
    "@babel/helper-member-expression-to-functions" "^7.22.15"
    "@babel/helper-optimise-call-expression" "^7.22.5"
    "@babel/helper-replace-supers" "^7.22.9"
    "@babel/helper-skip-transparent-expression-wrappers" "^7.22.5"
    "@babel/helper-split-export-declaration" "^7.22.6"
    semver "^6.3.1"

"@babel/helper-environment-visitor@^7.22.20", "@babel/helper-environment-visitor@^7.22.5":
  version "7.22.20"
  resolved "https://registry.yarnpkg.com/@babel/helper-environment-visitor/-/helper-environment-visitor-7.22.20.tgz#96159db61d34a29dba454c959f5ae4a649ba9167"
  integrity sha512-zfedSIzFhat/gFhWfHtgWvlec0nqB9YEIVrpuwjruLlXfUSnA8cJB0miHKwqDnQ7d32aKo2xt88/xZptwxbfhA==

"@babel/helper-function-name@^7.22.5":
  version "7.23.0"
  resolved "https://registry.yarnpkg.com/@babel/helper-function-name/-/helper-function-name-7.23.0.tgz#1f9a3cdbd5b2698a670c30d2735f9af95ed52759"
  integrity sha512-OErEqsrxjZTJciZ4Oo+eoZqeW9UIiOcuYKRJA4ZAgV9myA+pOXhhmpfNCKjEH/auVfEYVFJ6y1Tc4r0eIApqiw==
  dependencies:
    "@babel/template" "^7.22.15"
    "@babel/types" "^7.23.0"

"@babel/helper-member-expression-to-functions@^7.22.15":
  version "7.23.0"
  resolved "https://registry.yarnpkg.com/@babel/helper-member-expression-to-functions/-/helper-member-expression-to-functions-7.23.0.tgz#9263e88cc5e41d39ec18c9a3e0eced59a3e7d366"
  integrity sha512-6gfrPwh7OuT6gZyJZvd6WbTfrqAo7vm4xCzAXOusKqq/vWdKXphTpj5klHKNmRUU6/QRGlBsyU9mAIPaWHlqJA==
  dependencies:
    "@babel/types" "^7.23.0"

"@babel/helper-module-imports@^7.22.15":
  version "7.22.15"
  resolved "https://registry.yarnpkg.com/@babel/helper-module-imports/-/helper-module-imports-7.22.15.tgz#16146307acdc40cc00c3b2c647713076464bdbf0"
  integrity sha512-0pYVBnDKZO2fnSPCrgM/6WMc7eS20Fbok+0r88fp+YtWVLZrp4CkafFGIp+W0VKw4a22sgebPT99y+FDNMdP4w==
  dependencies:
    "@babel/types" "^7.22.15"

"@babel/helper-module-transforms@^7.23.0":
  version "7.23.0"
  resolved "https://registry.yarnpkg.com/@babel/helper-module-transforms/-/helper-module-transforms-7.23.0.tgz#3ec246457f6c842c0aee62a01f60739906f7047e"
  integrity sha512-WhDWw1tdrlT0gMgUJSlX0IQvoO1eN279zrAUbVB+KpV2c3Tylz8+GnKOLllCS6Z/iZQEyVYxhZVUdPTqs2YYPw==
  dependencies:
    "@babel/helper-environment-visitor" "^7.22.20"
    "@babel/helper-module-imports" "^7.22.15"
    "@babel/helper-simple-access" "^7.22.5"
    "@babel/helper-split-export-declaration" "^7.22.6"
    "@babel/helper-validator-identifier" "^7.22.20"

"@babel/helper-optimise-call-expression@^7.22.5":
  version "7.22.5"
  resolved "https://registry.yarnpkg.com/@babel/helper-optimise-call-expression/-/helper-optimise-call-expression-7.22.5.tgz#f21531a9ccbff644fdd156b4077c16ff0c3f609e"
  integrity sha512-HBwaojN0xFRx4yIvpwGqxiV2tUfl7401jlok564NgB9EHS1y6QT17FmKWm4ztqjeVdXLuC4fSvHc5ePpQjoTbw==
  dependencies:
    "@babel/types" "^7.22.5"

"@babel/helper-plugin-utils@^7.22.5":
  version "7.22.5"
  resolved "https://registry.yarnpkg.com/@babel/helper-plugin-utils/-/helper-plugin-utils-7.22.5.tgz#dd7ee3735e8a313b9f7b05a773d892e88e6d7295"
  integrity sha512-uLls06UVKgFG9QD4OeFYLEGteMIAa5kpTPcFL28yuCIIzsf6ZyKZMllKVOCZFhiZ5ptnwX4mtKdWCBE/uT4amg==

"@babel/helper-replace-supers@^7.22.9":
  version "7.22.20"
  resolved "https://registry.yarnpkg.com/@babel/helper-replace-supers/-/helper-replace-supers-7.22.20.tgz#e37d367123ca98fe455a9887734ed2e16eb7a793"
  integrity sha512-qsW0In3dbwQUbK8kejJ4R7IHVGwHJlV6lpG6UA7a9hSa2YEiAib+N1T2kr6PEeUT+Fl7najmSOS6SmAwCHK6Tw==
  dependencies:
    "@babel/helper-environment-visitor" "^7.22.20"
    "@babel/helper-member-expression-to-functions" "^7.22.15"
    "@babel/helper-optimise-call-expression" "^7.22.5"

"@babel/helper-simple-access@^7.22.5":
  version "7.22.5"
  resolved "https://registry.yarnpkg.com/@babel/helper-simple-access/-/helper-simple-access-7.22.5.tgz#4938357dc7d782b80ed6dbb03a0fba3d22b1d5de"
  integrity sha512-n0H99E/K+Bika3++WNL17POvo4rKWZ7lZEp1Q+fStVbUi8nxPQEBOlTmCOxW/0JsS56SKKQ+ojAe2pHKJHN35w==
  dependencies:
    "@babel/types" "^7.22.5"

"@babel/helper-skip-transparent-expression-wrappers@^7.22.5":
  version "7.22.5"
  resolved "https://registry.yarnpkg.com/@babel/helper-skip-transparent-expression-wrappers/-/helper-skip-transparent-expression-wrappers-7.22.5.tgz#007f15240b5751c537c40e77abb4e89eeaaa8847"
  integrity sha512-tK14r66JZKiC43p8Ki33yLBVJKlQDFoA8GYN67lWCDCqoL6EMMSuM9b+Iff2jHaM/RRFYl7K+iiru7hbRqNx8Q==
  dependencies:
    "@babel/types" "^7.22.5"

"@babel/helper-split-export-declaration@^7.22.6":
  version "7.22.6"
  resolved "https://registry.yarnpkg.com/@babel/helper-split-export-declaration/-/helper-split-export-declaration-7.22.6.tgz#322c61b7310c0997fe4c323955667f18fcefb91c"
  integrity sha512-AsUnxuLhRYsisFiaJwvp1QF+I3KjD5FOxut14q/GzovUe6orHLesW2C7d754kRm53h5gqrz6sFl6sxc4BVtE/g==
  dependencies:
    "@babel/types" "^7.22.5"

"@babel/helper-string-parser@^7.22.5":
  version "7.22.5"
  resolved "https://registry.yarnpkg.com/@babel/helper-string-parser/-/helper-string-parser-7.22.5.tgz#533f36457a25814cf1df6488523ad547d784a99f"
  integrity sha512-mM4COjgZox8U+JcXQwPijIZLElkgEpO5rsERVDJTc2qfCDfERyob6k5WegS14SX18IIjv+XD+GrqNumY5JRCDw==

"@babel/helper-validator-identifier@^7.22.20":
  version "7.22.20"
  resolved "https://registry.yarnpkg.com/@babel/helper-validator-identifier/-/helper-validator-identifier-7.22.20.tgz#c4ae002c61d2879e724581d96665583dbc1dc0e0"
  integrity sha512-Y4OZ+ytlatR8AI+8KZfKuL5urKp7qey08ha31L8b3BwewJAoJamTzyvxPR/5D+KkdJCGPq/+8TukHBlY10FX9A==

"@babel/helper-validator-option@^7.22.15":
  version "7.22.15"
  resolved "https://registry.yarnpkg.com/@babel/helper-validator-option/-/helper-validator-option-7.22.15.tgz#694c30dfa1d09a6534cdfcafbe56789d36aba040"
  integrity sha512-bMn7RmyFjY/mdECUbgn9eoSY4vqvacUnS9i9vGAGttgFWesO6B4CYWA7XlpbWgBt71iv/hfbPlynohStqnu5hA==

"@babel/highlight@^7.22.13":
  version "7.22.20"
  resolved "https://registry.yarnpkg.com/@babel/highlight/-/highlight-7.22.20.tgz#4ca92b71d80554b01427815e06f2df965b9c1f54"
  integrity sha512-dkdMCN3py0+ksCgYmGG8jKeGA/8Tk+gJwSYYlFGxG5lmhfKNoAy004YpLxpS1W2J8m/EK2Ew+yOs9pVRwO89mg==
  dependencies:
    "@babel/helper-validator-identifier" "^7.22.20"
    chalk "^2.4.2"
    js-tokens "^4.0.0"

"@babel/parser@^7.22.15":
  version "7.23.0"
  resolved "https://registry.yarnpkg.com/@babel/parser/-/parser-7.23.0.tgz#da950e622420bf96ca0d0f2909cdddac3acd8719"
  integrity sha512-vvPKKdMemU85V9WE/l5wZEmImpCtLqbnTvqDS2U1fJ96KrxoW7KrXhNsNCblQlg8Ck4b85yxdTyelsMUgFUXiw==

"@babel/plugin-syntax-jsx@^7.22.5":
  version "7.22.5"
  resolved "https://registry.yarnpkg.com/@babel/plugin-syntax-jsx/-/plugin-syntax-jsx-7.22.5.tgz#a6b68e84fb76e759fc3b93e901876ffabbe1d918"
  integrity sha512-gvyP4hZrgrs/wWMaocvxZ44Hw0b3W8Pe+cMxc8V1ULQ07oh8VNbIRaoD1LRZVTvD+0nieDKjfgKg89sD7rrKrg==
  dependencies:
    "@babel/helper-plugin-utils" "^7.22.5"

"@babel/plugin-syntax-typescript@^7.22.5":
  version "7.22.5"
  resolved "https://registry.yarnpkg.com/@babel/plugin-syntax-typescript/-/plugin-syntax-typescript-7.22.5.tgz#aac8d383b062c5072c647a31ef990c1d0af90272"
  integrity sha512-1mS2o03i7t1c6VzH6fdQ3OA8tcEIxwG18zIPRp+UY1Ihv6W+XZzBCVxExF9upussPXJ0xE9XRHwMoNs1ep/nRQ==
  dependencies:
    "@babel/helper-plugin-utils" "^7.22.5"

"@babel/plugin-transform-modules-commonjs@^7.23.0":
  version "7.23.0"
  resolved "https://registry.yarnpkg.com/@babel/plugin-transform-modules-commonjs/-/plugin-transform-modules-commonjs-7.23.0.tgz#b3dba4757133b2762c00f4f94590cf6d52602481"
  integrity sha512-32Xzss14/UVc7k9g775yMIvkVK8xwKE0DPdP5JTapr3+Z9w4tzeOuLNY6BXDQR6BdnzIlXnCGAzsk/ICHBLVWQ==
  dependencies:
    "@babel/helper-module-transforms" "^7.23.0"
    "@babel/helper-plugin-utils" "^7.22.5"
    "@babel/helper-simple-access" "^7.22.5"

"@babel/plugin-transform-object-assign@^7.16.7":
  version "7.22.5"
  resolved "https://registry.yarnpkg.com/@babel/plugin-transform-object-assign/-/plugin-transform-object-assign-7.22.5.tgz#290c1b9555dcea48bb2c29ad94237777600d04f9"
  integrity sha512-iDhx9ARkXq4vhZ2CYOSnQXkmxkDgosLi3J8Z17mKz7LyzthtkdVchLD7WZ3aXeCuvJDOW3+1I5TpJmwIbF9MKQ==
  dependencies:
    "@babel/helper-plugin-utils" "^7.22.5"

"@babel/plugin-transform-typescript@^7.22.15":
  version "7.22.15"
  resolved "https://registry.yarnpkg.com/@babel/plugin-transform-typescript/-/plugin-transform-typescript-7.22.15.tgz#15adef906451d86349eb4b8764865c960eb54127"
  integrity sha512-1uirS0TnijxvQLnlv5wQBwOX3E1wCFX7ITv+9pBV2wKEk4K+M5tqDaoNXnTH8tjEIYHLO98MwiTWO04Ggz4XuA==
  dependencies:
    "@babel/helper-annotate-as-pure" "^7.22.5"
    "@babel/helper-create-class-features-plugin" "^7.22.15"
    "@babel/helper-plugin-utils" "^7.22.5"
    "@babel/plugin-syntax-typescript" "^7.22.5"

"@babel/preset-typescript@^7.16.7":
  version "7.23.2"
  resolved "https://registry.yarnpkg.com/@babel/preset-typescript/-/preset-typescript-7.23.2.tgz#c8de488130b7081f7e1482936ad3de5b018beef4"
  integrity sha512-u4UJc1XsS1GhIGteM8rnGiIvf9rJpiVgMEeCnwlLA7WJPC+jcXWJAGxYmeqs5hOZD8BbAfnV5ezBOxQbb4OUxA==
  dependencies:
    "@babel/helper-plugin-utils" "^7.22.5"
    "@babel/helper-validator-option" "^7.22.15"
    "@babel/plugin-syntax-jsx" "^7.22.5"
    "@babel/plugin-transform-modules-commonjs" "^7.23.0"
    "@babel/plugin-transform-typescript" "^7.22.15"

"@babel/template@^7.22.15":
  version "7.22.15"
  resolved "https://registry.yarnpkg.com/@babel/template/-/template-7.22.15.tgz#09576efc3830f0430f4548ef971dde1350ef2f38"
  integrity sha512-QPErUVm4uyJa60rkI73qneDacvdvzxshT3kksGqlGWYdOTIUOwJ7RDUL8sGqslY1uXWSL6xMFKEXDS3ox2uF0w==
  dependencies:
    "@babel/code-frame" "^7.22.13"
    "@babel/parser" "^7.22.15"
    "@babel/types" "^7.22.15"

"@babel/types@^7.22.15", "@babel/types@^7.22.5", "@babel/types@^7.23.0":
  version "7.23.0"
  resolved "https://registry.yarnpkg.com/@babel/types/-/types-7.23.0.tgz#8c1f020c9df0e737e4e247c0619f58c68458aaeb"
  integrity sha512-0oIyUfKoI3mSqMvsxBdclDwxXKXAUA8v/apZbc+iSyARYou1o8ZGDxbUYyLFoW2arqS2jDGqJuZvv1d/io1axg==
  dependencies:
    "@babel/helper-string-parser" "^7.22.5"
    "@babel/helper-validator-identifier" "^7.22.20"
    to-fast-properties "^2.0.0"

"@egjs/hammerjs@^2.0.17":
  version "2.0.17"
  resolved "https://registry.yarnpkg.com/@egjs/hammerjs/-/hammerjs-2.0.17.tgz#5dc02af75a6a06e4c2db0202cae38c9263895124"
  integrity sha512-XQsZgjm2EcVUiZQf11UBJQfmZeEmOW8DpI1gsFeln6w0ae0ii4dMQEQ0kjl6DspdWX1aGY1/loyXnP0JS06e/A==
  dependencies:
    "@types/hammerjs" "^2.0.36"

"@react-native-community/masked-view@^0.1.11":
  version "0.1.11"
  resolved "https://registry.yarnpkg.com/@react-native-community/masked-view/-/masked-view-0.1.11.tgz#2f4c6e10bee0786abff4604e39a37ded6f3980ce"
  integrity sha512-rQfMIGSR/1r/SyN87+VD8xHHzDYeHaJq6elOSCAD+0iLagXkSI2pfA0LmSXP21uw5i3em7GkkRjfJ8wpqWXZNw==

"@react-navigation/bottom-tabs@^6.5.10":
  version "6.5.10"
  resolved "https://registry.yarnpkg.com/@react-navigation/bottom-tabs/-/bottom-tabs-6.5.10.tgz#22375da4e5037c392e63f767c609d78677c7bc61"
  integrity sha512-ApK1CNoOy6vqhtfJf0kbiNoLGxlazKpZWvRhH9OInz61PXuJ5AIr4PKIW/FhIZ7DQgnIleDvubjgSGnO+VColw==
  dependencies:
    "@react-navigation/elements" "^1.3.20"
    color "^4.2.3"
    warn-once "^0.1.0"

"@react-navigation/core@^6.4.10":
  version "6.4.10"
  resolved "https://registry.npmjs.org/@react-navigation/core/-/core-6.4.10.tgz"
  integrity sha512-oYhqxETRHNHKsipm/BtGL0LI43Hs2VSFoWMbBdHK9OqgQPjTVUitslgLcPpo4zApCcmBWoOLX2qPxhsBda644A==
  dependencies:
    "@react-navigation/routers" "^6.1.9"
    escape-string-regexp "^4.0.0"
    nanoid "^3.1.23"
    query-string "^7.1.3"
    react-is "^16.13.0"
    use-latest-callback "^0.1.7"

"@react-navigation/elements@^1.3.20":
  version "1.3.20"
  resolved "https://registry.npmjs.org/@react-navigation/elements/-/elements-1.3.20.tgz"
  integrity sha512-/9YT9tp1R4ejXt+5cqcQnShTIv790sAAxeqizF1zLnSldmbHmb2kxxbCW6UhyhqRnTLF3UFpZwwgy4A8AP/MzA==

"@react-navigation/native@^6.1.9":
  version "6.1.9"
  resolved "https://registry.npmjs.org/@react-navigation/native/-/native-6.1.9.tgz"
  integrity sha512-AMuJDpwXE7UlfyhIXaUCCynXmv69Kb8NzKgKJO7v0k0L+u6xUTbt6xvshmJ79vsvaFyaEH9Jg5FMzek5/S5qNw==
  dependencies:
    "@react-navigation/core" "^6.4.10"
    escape-string-regexp "^4.0.0"
    fast-deep-equal "^3.1.3"
    nanoid "^3.1.23"

"@react-navigation/routers@^6.1.9":
  version "6.1.9"
  resolved "https://registry.npmjs.org/@react-navigation/routers/-/routers-6.1.9.tgz"
  integrity sha512-lTM8gSFHSfkJvQkxacGM6VJtBt61ip2XO54aNfswD+KMw6eeZ4oehl7m0me3CR9hnDE4+60iAZR8sAhvCiI3NA==
  dependencies:
    nanoid "^3.1.23"

"@react-navigation/stack@^6.3.19":
  version "6.3.19"
  resolved "https://registry.yarnpkg.com/@react-navigation/stack/-/stack-6.3.19.tgz#8d254d8fe7ddb0ce65c4ac254e0bcce465a64300"
  integrity sha512-uRGRoYGbUbEsCAXtBKtcFRV1jZ9vEEjkQS4yydjbTvBxsEJv1mrtdLh84cjJnT89E850y6QP5GUyjji8vtekkg==
  dependencies:
    "@react-navigation/elements" "^1.3.20"
    color "^4.2.3"
    warn-once "^0.1.0"

"@types/hammerjs@^2.0.36":
  version "2.0.43"
  resolved "https://registry.yarnpkg.com/@types/hammerjs/-/hammerjs-2.0.43.tgz#8660dd1e0e5fd979395e2f999e670cdb9484d1e9"
  integrity sha512-wqxfwHk83RS7+6OpytGdo5wqkqtvx+bGaIs1Rwm5NrtQHUfL4OgWs/5p0OipmjmT+fexePh37Ek+mqIpdNjQKA==

ansi-regex@^5.0.1:
  version "5.0.1"
  resolved "https://registry.yarnpkg.com/ansi-regex/-/ansi-regex-5.0.1.tgz#082cb2c89c9fe8659a311a53bd6a4dc5301db304"
  integrity sha512-quJQXlTSUGL2LH9SUXo8VwsY4soanhgo6LNSm84E1LBcE8s3O0wpdiRzyR9z/ZZJMlMWv37qOOb9pdJlMUEKFQ==

ansi-styles@^3.2.1:
  version "3.2.1"
  resolved "https://registry.yarnpkg.com/ansi-styles/-/ansi-styles-3.2.1.tgz#41fbb20243e50b12be0f04b8dedbf07520ce841d"
  integrity sha512-VT0ZI6kZRdTh8YyJw3SMbYm/u+NqfsAxEpWO0Pf9sq8/e94WxxOpPKx9FR1FlyCtOVDNOQ+8ntlqFxiRc+r5qA==
  dependencies:
    color-convert "^1.9.0"

ansi-styles@^4.0.0:
  version "4.3.0"
  resolved "https://registry.yarnpkg.com/ansi-styles/-/ansi-styles-4.3.0.tgz#edd803628ae71c04c85ae7a0906edad34b648937"
  integrity sha512-zbB9rCJAT1rbjiVDb2hqKFHNYLxgtk8NURxZ3IZwD3F6NtxbXZQCnnSi1Lkx+IDohdPlFp222wVALIheZJQSEg==
  dependencies:
    color-convert "^2.0.1"

chalk@^2.4.2:
  version "2.4.2"
  resolved "https://registry.yarnpkg.com/chalk/-/chalk-2.4.2.tgz#cd42541677a54333cf541a49108c1432b44c9424"
  integrity sha512-Mti+f9lpJNcwF4tWV8/OrTTtF1gZi+f8FqlyAdouralcFWFQWF2+NgCHShjkCb+IFBLq9buZwE1xckQU4peSuQ==
  dependencies:
    ansi-styles "^3.2.1"
    escape-string-regexp "^1.0.5"
    supports-color "^5.3.0"

cliui@^7.0.2:
  version "7.0.4"
  resolved "https://registry.yarnpkg.com/cliui/-/cliui-7.0.4.tgz#a0265ee655476fc807aea9df3df8df7783808b4f"
  integrity sha512-OcRE68cOsVMXp1Yvonl/fzkQOyjLSu/8bhPDfQt0e0/Eb283TKP20Fs2MqoPsr9SwA595rRCA+QMzYc9nBP+JQ==
  dependencies:
    string-width "^4.2.0"
    strip-ansi "^6.0.0"
    wrap-ansi "^7.0.0"

color-convert@^1.9.0:
  version "1.9.3"
  resolved "https://registry.yarnpkg.com/color-convert/-/color-convert-1.9.3.tgz#bb71850690e1f136567de629d2d5471deda4c1e8"
  integrity sha512-QfAUtd+vFdAtFQcC8CCyYt1fYWxSqAiK2cSD6zDB8N3cpsEBAvRxp9zOGg6G/SHHJYAT88/az/IuDGALsNVbGg==
  dependencies:
    color-name "1.1.3"

color-convert@^2.0.1:
  version "2.0.1"
  resolved "https://registry.npmjs.org/color-convert/-/color-convert-2.0.1.tgz"
  integrity sha512-RRECPsj7iu/xb5oKYcsFHSppFNnsj/52OVTRKb4zP5onXwVF3zVmmToNcOfGC+CRDpfK/U584fMg38ZHCaElKQ==
  dependencies:
    color-name "~1.1.4"

color-name@1.1.3, color-name@^1.0.0:
  version "1.1.3"
  resolved "https://registry.npmjs.org/color-name/-/color-name-1.1.3.tgz"
  integrity sha512-72fSenhMw2HZMTVHeCA9KCmpEIbzWiQsjN+BHcBbS9vr1mtt+vJjPdksIBNUmKAW8TFUDPJK5SUU3QhE9NEXDw==

color-name@~1.1.4:
  version "1.1.4"
  resolved "https://registry.npmjs.org/color-name/-/color-name-1.1.4.tgz"
  integrity sha512-dOy+3AuW3a2wNbZHIuMZpTcgjGuLU/uBL/ubcZF9OXbDo8ff4O8yVp5Bf0efS8uEoYo5q4Fx7dY9OgQGXgAsQA==

color-string@^1.9.0:
  version "1.9.1"
  resolved "https://registry.npmjs.org/color-string/-/color-string-1.9.1.tgz"
  integrity sha512-shrVawQFojnZv6xM40anx4CkoDP+fZsw/ZerEMsW/pyzsRbElpsL/DBVW7q3ExxwusdNXI3lXpuhEZkzs8p5Eg==
  dependencies:
    color-name "^1.0.0"
    simple-swizzle "^0.2.2"

color@^4.2.3:
  version "4.2.3"
  resolved "https://registry.npmjs.org/color/-/color-4.2.3.tgz"
  integrity sha512-1rXeuUUiGGrykh+CeBdu5Ie7OJwinCgQY0bc7GCRxy5xVHy+moaqkpL/jqQq0MtQOeYcrqEz4abc5f0KtU7W4A==
  dependencies:
    color-convert "^2.0.1"
    color-string "^1.9.0"

convert-source-map@^2.0.0:
  version "2.0.0"
  resolved "https://registry.yarnpkg.com/convert-source-map/-/convert-source-map-2.0.0.tgz#4b560f649fc4e918dd0ab75cf4961e8bc882d82a"
  integrity sha512-Kvp459HrV2FEJ1CAsi1Ku+MY3kasH19TFykTz2xWmMeq6bk2NU3XXvfJ+Q61m0xktWwt+1HSYf3JZsTms3aRJg==

d3-path@^3.1.0:
  version "3.1.0"
  resolved "https://registry.npmjs.org/d3-path/-/d3-path-3.1.0.tgz"
  integrity sha512-p3KP5HCf/bvjBSSKuXid6Zqijx7wIfNW+J/maPs+iwR35at5JCbLUT0LzF1cnjbCHWhqzQTIN2Jpe8pRebIEFQ==

d3-shape@^3.2.0:
  version "3.2.0"
  resolved "https://registry.npmjs.org/d3-shape/-/d3-shape-3.2.0.tgz"
  integrity sha512-SaLBuwGm3MOViRq2ABk3eLoxwZELpH6zhl3FbAoJ7Vm1gofKx6El1Ib5z23NUEhF9AsGl7y+dzLe5Cw2AArGTA==
  dependencies:
    d3-path "^3.1.0"

decode-uri-component@^0.2.2:
  version "0.2.2"
  resolved "https://registry.npmjs.org/decode-uri-component/-/decode-uri-component-0.2.2.tgz"
  integrity sha512-FqUYQ+8o158GyGTrMFJms9qh3CqTKvAqgqsTnkLI8sKu0028orqBhxNMFkFen0zGyg6epACD32pjVk58ngIErQ==

emoji-regex@^8.0.0:
  version "8.0.0"
  resolved "https://registry.yarnpkg.com/emoji-regex/-/emoji-regex-8.0.0.tgz#e818fd69ce5ccfcb404594f842963bf53164cc37"
  integrity sha512-MSjYzcWNOA0ewAHpz0MxpYFvwg6yjy1NG3xteoqz644VCo/RPgnr1/GGt+ic3iJTzQ8Eu3TdM14SawnVUmGE6A==

escalade@^3.1.1:
  version "3.1.1"
  resolved "https://registry.yarnpkg.com/escalade/-/escalade-3.1.1.tgz#d8cfdc7000965c5a0174b4a82eaa5c0552742e40"
  integrity sha512-k0er2gUkLf8O0zKJiAhmkTnJlTvINGv7ygDNPbeIsX/TJjGJZHuh9B2UxbsaEkmlEo9MfhrSzmhIlhRlI2GXnw==

escape-string-regexp@^1.0.5:
  version "1.0.5"
  resolved "https://registry.yarnpkg.com/escape-string-regexp/-/escape-string-regexp-1.0.5.tgz#1b61c0562190a8dff6ae3bb2cf0200ca130b86d4"
  integrity sha512-vbRorB5FUQWvla16U8R/qgaFIya2qGzwDrNmCZuYKrbdSUMG6I1ZCGQRefkRVhuOkIGVne7BQ35DSfo1qvJqFg==

escape-string-regexp@^4.0.0:
  version "4.0.0"
  resolved "https://registry.npmjs.org/escape-string-regexp/-/escape-string-regexp-4.0.0.tgz"
  integrity sha512-TtpcNJ3XAzx3Gq8sWRzJaVajRs0uVxA2YAkdb1jm2YkPz4G6egUFAyA3n5vtEIZefPk5Wa4UXbKuS5fKkJWdgA==

expo-font@^11.6.0:
  version "11.6.0"
  resolved "https://registry.npmjs.org/expo-font/-/expo-font-11.6.0.tgz"
  integrity sha512-ekfU0MN7vzJNGwQCJhxnhF2M9Fq/RtVF5xSQpr8+f4ISPimmKfEcArMHKCl4oG3saFVjSRX7fLbo38WOv3z5Mw==
  dependencies:
    fontfaceobserver "^2.1.0"

fast-deep-equal@^3.1.3:
  version "3.1.3"
  resolved "https://registry.npmjs.org/fast-deep-equal/-/fast-deep-equal-3.1.3.tgz"
  integrity sha512-f3qQ9oQy9j2AhBe/H9VC91wLmKBCCU/gDOnKNAYG5hswO7BLKj09Hc5HYNz9cGI++xlpDCIgDaitVs03ATR84Q==

filter-obj@^1.1.0:
  version "1.1.0"
  resolved "https://registry.npmjs.org/filter-obj/-/filter-obj-1.1.0.tgz"
  integrity sha512-8rXg1ZnX7xzy2NGDVkBVaAy+lSlPNwad13BtgSlLuxfIslyt5Vg64U7tFcCt4WS1R0hvtnQybT/IyCkGZ3DpXQ==

fontfaceobserver@^2.1.0:
  version "2.3.0"
  resolved "https://registry.npmjs.org/fontfaceobserver/-/fontfaceobserver-2.3.0.tgz"
  integrity sha512-6FPvD/IVyT4ZlNe7Wcn5Fb/4ChigpucKYSvD6a+0iMoLn2inpo711eyIcKjmDtE5XNcgAkSH9uN/nfAeZzHEfg==

get-caller-file@^2.0.5:
  version "2.0.5"
  resolved "https://registry.yarnpkg.com/get-caller-file/-/get-caller-file-2.0.5.tgz#4f94412a82db32f36e3b0b9741f8a97feb031f7e"
  integrity sha512-DyFP3BM/3YHTQOCUL/w0OZHR0lpKeGrxotcHWcqNEdnltqFwXVfhEBQ94eIo34AfQpo0rGki4cyIiftY06h2Fg==

has-flag@^3.0.0:
  version "3.0.0"
  resolved "https://registry.yarnpkg.com/has-flag/-/has-flag-3.0.0.tgz#b5d454dc2199ae225699f3467e5a07f3b955bafd"
  integrity sha512-sKJf1+ceQBr4SMkvQnBDNDtf4TXpVhVGateu0t918bl30FnbE2m4vNLX+VWe/dpjlb+HugGYzW7uQXH98HPEYw==

hoist-non-react-statics@^3.3.0:
  version "3.3.2"
  resolved "https://registry.yarnpkg.com/hoist-non-react-statics/-/hoist-non-react-statics-3.3.2.tgz#ece0acaf71d62c2969c2ec59feff42a4b1a85b45"
  integrity sha512-/gGivxi8JPKWNm/W0jSmzcMPpfpPLc3dY/6GxhX2hQ9iGj3aDfklV4ET7NjKpSinLpJ5vafa9iiGIEZg10SfBw==
  dependencies:
    react-is "^16.7.0"

invariant@^2.2.4:
  version "2.2.4"
  resolved "https://registry.yarnpkg.com/invariant/-/invariant-2.2.4.tgz#610f3c92c9359ce1db616e538008d23ff35158e6"
  integrity sha512-phJfQVBuaJM5raOpJjSfkiD6BpbCE4Ns//LaXl6wGYtUBY83nWS6Rf9tXm2e8VaK60JEjYldbPif/A2B1C2gNA==
  dependencies:
    loose-envify "^1.0.0"

is-arrayish@^0.3.1:
  version "0.3.2"
  resolved "https://registry.npmjs.org/is-arrayish/-/is-arrayish-0.3.2.tgz"
  integrity sha512-eVRqCvVlZbuw3GrM63ovNSNAeA1K16kaR/LRY/92w0zxQ5/1YzwblUX652i4Xs9RwAGjW9d9y6X88t8OaAJfWQ==

is-fullwidth-code-point@^3.0.0:
  version "3.0.0"
  resolved "https://registry.yarnpkg.com/is-fullwidth-code-point/-/is-fullwidth-code-point-3.0.0.tgz#f116f8064fe90b3f7844a38997c0b75051269f1d"
  integrity sha512-zymm5+u+sCsSWyD9qNaejV3DFvhCKclKdizYaJUuHA83RLjb7nSuGnddCHGv0hk+KY7BMAlsWeK4Ueg6EV6XQg==

"js-tokens@^3.0.0 || ^4.0.0", js-tokens@^4.0.0:
  version "4.0.0"
  resolved "https://registry.yarnpkg.com/js-tokens/-/js-tokens-4.0.0.tgz#19203fb59991df98e3a287050d4647cdeaf32499"
  integrity sha512-RdJUflcE3cUzKiMqQgsCu06FPu9UdIJO0beYbPhHN4k6apgJtifcoCtT9bcxOpYBtpD2kCM6Sbzg4CausW/PKQ==

lodash@^4.17.21:
  version "4.17.21"
  resolved "https://registry.yarnpkg.com/lodash/-/lodash-4.17.21.tgz#679591c564c3bffaae8454cf0b3df370c3d6911c"
  integrity sha512-v2kDEe57lecTulaDIuNTPy3Ry4gLGJ6Z1O3vE1krgXZNrsQ+LFTGHVxVjcXPs17LhbZVGedAJv8XZ1tvj5FvSg==

loose-envify@^1.0.0, loose-envify@^1.4.0:
  version "1.4.0"
  resolved "https://registry.yarnpkg.com/loose-envify/-/loose-envify-1.4.0.tgz#71ee51fa7be4caec1a63839f7e682d8132d30caf"
  integrity sha512-lyuxPGr/Wfhrlem2CL/UcnUc1zcqKAImBDzukY7Y5F/yQiNdko6+fRLevlw1HgMySw7f611UIY408EtxRSoK3Q==
  dependencies:
    js-tokens "^3.0.0 || ^4.0.0"

nanoid@^3.1.23:
  version "3.3.6"
  resolved "https://registry.npmjs.org/nanoid/-/nanoid-3.3.6.tgz"
  integrity sha512-BGcqMMJuToF7i1rt+2PWSNVnWIkGCU78jBG3RxO/bZlnZPK2Cmi2QaffxGO/2RvWi9sL+FAiRiXMgsyxQ1DIDA==

object-assign@^4.1.1:
  version "4.1.1"
  resolved "https://registry.yarnpkg.com/object-assign/-/object-assign-4.1.1.tgz#2109adc7965887cfc05cbbd442cac8bfbb360863"
  integrity sha512-rJgTQnkUnH1sFw8yT6VSU3zD3sWmu6sZhIseY8VX+GRu3P6F7Fu+JNDoXfklElbLJSnc3FUQHVe4cU5hj+BcUg==

prop-types@^15.7.2:
  version "15.8.1"
  resolved "https://registry.yarnpkg.com/prop-types/-/prop-types-15.8.1.tgz#67d87bf1a694f48435cf332c24af10214a3140b5"
  integrity sha512-oj87CgZICdulUohogVAR7AjlC0327U4el4L6eAvOqCeudMDVU0NThNaV+b9Df4dXgSP1gXMTnPdhfe/2qDH5cg==
  dependencies:
    loose-envify "^1.4.0"
    object-assign "^4.1.1"
    react-is "^16.13.1"

query-string@^7.1.3:
  version "7.1.3"
  resolved "https://registry.npmjs.org/query-string/-/query-string-7.1.3.tgz"
  integrity sha512-hh2WYhq4fi8+b+/2Kg9CEge4fDPvHS534aOOvOZeQ3+Vf2mCFsaFBYj0i+iXcAq6I9Vzp5fjMFBlONvayDC1qg==
  dependencies:
    decode-uri-component "^0.2.2"
    filter-obj "^1.1.0"
    split-on-first "^1.0.0"
    strict-uri-encode "^2.0.0"

react-freeze@^1.0.0:
  version "1.0.3"
  resolved "https://registry.yarnpkg.com/react-freeze/-/react-freeze-1.0.3.tgz#5e3ca90e682fed1d73a7cb50c2c7402b3e85618d"
  integrity sha512-ZnXwLQnGzrDpHBHiC56TXFXvmolPeMjTn1UOm610M4EXGzbEDR7oOIyS2ZiItgbs6eZc4oU/a0hpk8PrcKvv5g==

react-is@^16.13.0, react-is@^16.13.1, react-is@^16.7.0:
  version "16.13.1"
  resolved "https://registry.npmjs.org/react-is/-/react-is-16.13.1.tgz"
  integrity sha512-24e6ynE2H+OKt4kqsOvNd8kBpV65zoxbA4BVsEOB3ARVWQki/DHzaUoC5KuON/BiccDaCCTZBuOcfZs70kR8bQ==

react-native-gesture-handler@^2.13.3:
  version "2.13.3"
  resolved "https://registry.yarnpkg.com/react-native-gesture-handler/-/react-native-gesture-handler-2.13.3.tgz#417dac3d063fd61589f21187ad732372d01c8feb"
  integrity sha512-6sNXtmRfYxQWgH0TjQX03QQ4UfCyM8jX1Ee1jXc3uNgefk03qapGGxZ2noXodGWKHzpsqMxB0O1lFLGew0GRrw==
  dependencies:
    "@egjs/hammerjs" "^2.0.17"
    hoist-non-react-statics "^3.3.0"
    invariant "^2.2.4"
    lodash "^4.17.21"
    prop-types "^15.7.2"

react-native-linear-gradient@^2.8.3:
  version "2.8.3"
  resolved "https://registry.npmjs.org/react-native-linear-gradient/-/react-native-linear-gradient-2.8.3.tgz"
  integrity sha512-KflAXZcEg54PXkLyflaSZQ3PJp4uC4whM7nT/Uot9m0e/qxFV3p6uor1983D1YOBJbJN7rrWdqIjq0T42jOJyA==

react-native-pie-chart@^3.0.1:
  version "3.0.1"
  resolved "https://registry.npmjs.org/react-native-pie-chart/-/react-native-pie-chart-3.0.1.tgz"
  integrity sha512-KJ9z7OqRI1Ryzxr61KanZ4xtLHrQd6CrJwX4QNrYJka9/fej1tUr/tW8uXH/NQdwxrXuFEWXSwwTXIcP2B3wUg==
  dependencies:
    d3-shape "^3.2.0"

react-native-reanimated@^3.5.4:
  version "3.5.4"
  resolved "https://registry.yarnpkg.com/react-native-reanimated/-/react-native-reanimated-3.5.4.tgz#a6c2b0c43b6dad246f5d276213974afedb8e3fc7"
  integrity sha512-8we9LLDO1o4Oj9/DICeEJ2K1tjfqkJagqQUglxeUAkol/HcEJ6PGxIrpBcNryLqCDYEcu6FZWld/FzizBIw6bg==
  dependencies:
    "@babel/plugin-transform-object-assign" "^7.16.7"
    "@babel/preset-typescript" "^7.16.7"
    convert-source-map "^2.0.0"
    invariant "^2.2.4"

react-native-safe-area-context@^4.7.3:
  version "4.7.3"
  resolved "https://registry.yarnpkg.com/react-native-safe-area-context/-/react-native-safe-area-context-4.7.3.tgz#149542a05fa68b2892568e8b338bc1e4e005cd0d"
  integrity sha512-Z+oldEQ/tHRU5X++ePdIGosPT9Fa93Mtky/Ptdh7qei4HqBUOcMnIj0KKCJGPRYyvN7j/63Ix0YqqYyVUEof5g==

react-native-screens@^3.26.0:
  version "3.26.0"
  resolved "https://registry.yarnpkg.com/react-native-screens/-/react-native-screens-3.26.0.tgz#b0972d82ef7908b185b6de500e635b24a1aec008"
  integrity sha512-KLJZkYSeKnK3gNzlJXsaz2GZQE09YKlvCVgh/yvGAcl0t5x65Zj+fhci+OLx9F7El/Bah/v1ZmSlGYgnASO2BQ==
  dependencies:
    react-freeze "^1.0.0"
    warn-once "^0.1.0"

react-native-vector-icons@^10.0.0:
  version "10.0.0"
  resolved "https://registry.yarnpkg.com/react-native-vector-icons/-/react-native-vector-icons-10.0.0.tgz#0f031f7717f76f0a397f725de9b5a47ec87862e9"
  integrity sha512-efMOVbZIebY8RszZPzPBoXi9pvD/NFYmjIDYxRoc9LYSzV8rMJtT8FfcO2hPu85Rn2x9xktha0+qn0B7EqMAcQ==
  dependencies:
    prop-types "^15.7.2"
    yargs "^16.1.1"

require-directory@^2.1.1:
  version "2.1.1"
  resolved "https://registry.yarnpkg.com/require-directory/-/require-directory-2.1.1.tgz#8c64ad5fd30dab1c976e2344ffe7f792a6a6df42"
  integrity sha512-fGxEI7+wsG9xrvdjsrlmL22OMTTiHRwAMroiEeMgq8gzoLC/PQr7RsRDSTLUg/bZAZtF+TVIkHc6/4RIKrui+Q==

semver@^6.3.1:
  version "6.3.1"
  resolved "https://registry.yarnpkg.com/semver/-/semver-6.3.1.tgz#556d2ef8689146e46dcea4bfdd095f3434dffcb4"
  integrity sha512-BR7VvDCVHO+q2xBEWskxS6DJE1qRnb7DxzUrogb71CWoSficBxYsiAGd+Kl0mmq/MprG9yArRkyrQxTO6XjMzA==

simple-swizzle@^0.2.2:
  version "0.2.2"
  resolved "https://registry.npmjs.org/simple-swizzle/-/simple-swizzle-0.2.2.tgz"
  integrity sha512-JA//kQgZtbuY83m+xT+tXJkmJncGMTFT+C+g2h2R9uxkYIrE2yy9sgmcLhCnw57/WSD+Eh3J97FPEDFnbXnDUg==
  dependencies:
    is-arrayish "^0.3.1"

split-on-first@^1.0.0:
  version "1.1.0"
  resolved "https://registry.npmjs.org/split-on-first/-/split-on-first-1.1.0.tgz"
  integrity sha512-43ZssAJaMusuKWL8sKUBQXHWOpq8d6CfN/u1p4gUzfJkM05C8rxTmYrkIPTXapZpORA6LkkzcUulJ8FqA7Uudw==

strict-uri-encode@^2.0.0:
  version "2.0.0"
  resolved "https://registry.npmjs.org/strict-uri-encode/-/strict-uri-encode-2.0.0.tgz"
  integrity sha512-QwiXZgpRcKkhTj2Scnn++4PKtWsH0kpzZ62L2R6c/LUVYv7hVnZqcg2+sMuT6R7Jusu1vviK/MFsu6kNJfWlEQ==

string-width@^4.1.0, string-width@^4.2.0:
  version "4.2.3"
  resolved "https://registry.yarnpkg.com/string-width/-/string-width-4.2.3.tgz#269c7117d27b05ad2e536830a8ec895ef9c6d010"
  integrity sha512-wKyQRQpjJ0sIp62ErSZdGsjMJWsap5oRNihHhu6G7JVO/9jIB6UyevL+tXuOqrng8j/cxKTWyWUwvSTriiZz/g==
  dependencies:
    emoji-regex "^8.0.0"
    is-fullwidth-code-point "^3.0.0"
    strip-ansi "^6.0.1"

strip-ansi@^6.0.0, strip-ansi@^6.0.1:
  version "6.0.1"
  resolved "https://registry.yarnpkg.com/strip-ansi/-/strip-ansi-6.0.1.tgz#9e26c63d30f53443e9489495b2105d37b67a85d9"
  integrity sha512-Y38VPSHcqkFrCpFnQ9vuSXmquuv5oXOKpGeT6aGrr3o3Gc9AlVa6JBfUSOCnbxGGZF+/0ooI7KrPuUSztUdU5A==
  dependencies:
    ansi-regex "^5.0.1"

supports-color@^5.3.0:
  version "5.5.0"
  resolved "https://registry.yarnpkg.com/supports-color/-/supports-color-5.5.0.tgz#e2e69a44ac8772f78a1ec0b35b689df6530efc8f"
  integrity sha512-QjVjwdXIt408MIiAqCX4oUKsgU2EqAGzs2Ppkm4aQYbjm+ZEWEcW4SfFNTr4uMNZma0ey4f5lgLrkB0aX0QMow==
  dependencies:
    has-flag "^3.0.0"

to-fast-properties@^2.0.0:
  version "2.0.0"
  resolved "https://registry.yarnpkg.com/to-fast-properties/-/to-fast-properties-2.0.0.tgz#dc5e698cbd079265bc73e0377681a4e4e83f616e"
  integrity sha512-/OaKK0xYrs3DmxRYqL/yDc+FxFUVYhDlXMhRmv3z915w2HF1tnN1omB354j8VUGO/hbRzyD6Y3sA7v7GS/ceog==

use-latest-callback@^0.1.7:
  version "0.1.7"
  resolved "https://registry.npmjs.org/use-latest-callback/-/use-latest-callback-0.1.7.tgz"
  integrity sha512-Hlrl0lskgZZpo2vIpZ4rA7qA/rAGn2PcDvDH1M47AogqMPB0qlGEdsa66AVkIUiEEDpfxA9/N6hY6MqtaNoqWA==

warn-once@^0.1.0:
  version "0.1.1"
  resolved "https://registry.npmjs.org/warn-once/-/warn-once-0.1.1.tgz"
  integrity sha512-VkQZJbO8zVImzYFteBXvBOZEl1qL175WH8VmZcxF2fZAoudNhNDvHi+doCaAEdU2l2vtcIwa2zn0QK5+I1HQ3Q==

wrap-ansi@^7.0.0:
  version "7.0.0"
  resolved "https://registry.yarnpkg.com/wrap-ansi/-/wrap-ansi-7.0.0.tgz#67e145cff510a6a6984bdf1152911d69d2eb9e43"
  integrity sha512-YVGIj2kamLSTxw6NsZjoBxfSwsn0ycdesmc4p+Q21c5zPuZ1pl+NfxVdxPtdHvmNVOQ6XSYG4AUtyt/Fi7D16Q==
  dependencies:
    ansi-styles "^4.0.0"
    string-width "^4.1.0"
    strip-ansi "^6.0.0"

y18n@^5.0.5:
  version "5.0.8"
  resolved "https://registry.yarnpkg.com/y18n/-/y18n-5.0.8.tgz#7f4934d0f7ca8c56f95314939ddcd2dd91ce1d55"
  integrity sha512-0pfFzegeDWJHJIAmTLRP2DwHjdF5s7jo9tuztdQxAhINCdvS+3nGINqPd00AphqJR/0LhANUS6/+7SCb98YOfA==

yargs-parser@^20.2.2:
  version "20.2.9"
  resolved "https://registry.yarnpkg.com/yargs-parser/-/yargs-parser-20.2.9.tgz#2eb7dc3b0289718fc295f362753845c41a0c94ee"
  integrity sha512-y11nGElTIV+CT3Zv9t7VKl+Q3hTQoT9a1Qzezhhl6Rp21gJ/IVTW7Z3y9EWXhuUBC2Shnf+DX0antecpAwSP8w==

yargs@^16.1.1:
  version "16.2.0"
  resolved "https://registry.yarnpkg.com/yargs/-/yargs-16.2.0.tgz#1c82bf0f6b6a66eafce7ef30e376f49a12477f66"
  integrity sha512-D1mvvtDG0L5ft/jGWkLpG1+m0eQxOfaBvTNELraWj22wSVUMWxZUvYgJYcKh6jGGIkJFhH4IZPQhR4TKpc8mBw==
  dependencies:
    cliui "^7.0.2"
    escalade "^3.1.1"
    get-caller-file "^2.0.5"
    require-directory "^2.1.1"
    string-width "^4.2.0"
    y18n "^5.0.5"
    yargs-parser "^20.2.2"
